
Microsoft Visual Studio Solution File, Format Version 12.00
# Visual Studio Version 17
VisualStudioVersion = 17.1.32319.34
MinimumVisualStudioVersion = 10.0.40219.1
Project("{FAE04EC0-301F-11D3-BF4B-00C04F79EFBC}") = "PrimaProva", "PrimaProva\PrimaProva.csproj", "{362F2203-46AD-40BA-9D19-9FAD133F5DAE}"
EndProject
Global
	GlobalSection(SolutionConfigurationPlatforms) = preSolution
		Debug|Any CPU = Debug|Any CPU
		Release|Any CPU = Release|Any CPU
	EndGlobalSection
	GlobalSection(ProjectConfigurationPlatforms) = postSolution
		{362F2203-46AD-40BA-9D19-9FAD133F5DAE}.Debug|Any CPU.ActiveCfg = Debug|Any CPU
		{362F2203-46AD-40BA-9D19-9FAD133F5DAE}.Debug|Any CPU.Build.0 = Debug|Any CPU
		{362F2203-46AD-40BA-9D19-9FAD133F5DAE}.Release|Any CPU.ActiveCfg = Release|Any CPU
		{362F2203-46AD-40BA-9D19-9FAD133F5DAE}.Release|Any CPU.Build.0 = Release|Any CPU
	EndGlobalSection
	GlobalSection(SolutionProperties) = preSolution
		HideSolutionNode = FALSE
	EndGlobalSection
	GlobalSection(ExtensibilityGlobals) = postSolution
		SolutionGuid = {D9600D0E-24D2-449B-B94E-4ED9D33F8A0D}
	EndGlobalSection
EndGlobal
